
Microsoft Visual Studio Solution File, Format Version 12.00
# Visual Studio Version 17
VisualStudioVersion = 17.13.35825.156
MinimumVisualStudioVersion = 10.0.40219.1
Project("{FAE04EC0-301F-11D3-BF4B-00C04F79EFBC}") = "MCFAdaptApp.Domain", "MCFAdaptApp.Domain\MCFAdaptApp.Domain.csproj", "{7337E194-3848-4653-92A5-0CC0FD8AC876}"
EndProject
Project("{FAE04EC0-301F-11D3-BF4B-00C04F79EFBC}") = "MCFAdaptApp.Application", "MCFAdaptApp.Application\MCFAdaptApp.Application.csproj", "{9BD79CB3-E965-486E-B20E-9FB49D614DD4}"
EndProject
Project("{FAE04EC0-301F-11D3-BF4B-00C04F79EFBC}") = "MCFAdaptApp.Infrastructure", "MCFAdaptApp.Infrastructure\MCFAdaptApp.Infrastructure.csproj", "{83D199AC-B6B6-4BCB-ACB7-6F2A0D90B8B5}"
EndProject
Project("{FAE04EC0-301F-11D3-BF4B-00C04F79EFBC}") = "MCFAdaptApp.WPF", "MCFAdaptApp.WPF\MCFAdaptApp.WPF.csproj", "{06931356-EF49-479D-8A1F-4A621AB5F104}"
EndProject
Project("{FAE04EC0-301F-11D3-BF4B-00C04F79EFBC}") = "MCFAdaptApp.Avalonia", "MCFAdaptApp.Avalonia\MCFAdaptApp.Avalonia.csproj", "{770CB157-30AA-48D7-BC34-FBB88B5FC3CE}"
EndProject
Global
	GlobalSection(SolutionConfigurationPlatforms) = preSolution
		Debug|Any CPU = Debug|Any CPU
		Release|Any CPU = Release|Any CPU
	EndGlobalSection
	GlobalSection(ProjectConfigurationPlatforms) = postSolution
		{7337E194-3848-4653-92A5-0CC0FD8AC876}.Debug|Any CPU.ActiveCfg = Debug|Any CPU
		{7337E194-3848-4653-92A5-0CC0FD8AC876}.Debug|Any CPU.Build.0 = Debug|Any CPU
		{7337E194-3848-4653-92A5-0CC0FD8AC876}.Release|Any CPU.ActiveCfg = Release|Any CPU
		{7337E194-3848-4653-92A5-0CC0FD8AC876}.Release|Any CPU.Build.0 = Release|Any CPU
		{9BD79CB3-E965-486E-B20E-9FB49D614DD4}.Debug|Any CPU.ActiveCfg = Debug|Any CPU
		{9BD79CB3-E965-486E-B20E-9FB49D614DD4}.Debug|Any CPU.Build.0 = Debug|Any CPU
		{9BD79CB3-E965-486E-B20E-9FB49D614DD4}.Release|Any CPU.ActiveCfg = Release|Any CPU
		{9BD79CB3-E965-486E-B20E-9FB49D614DD4}.Release|Any CPU.Build.0 = Release|Any CPU
		{83D199AC-B6B6-4BCB-ACB7-6F2A0D90B8B5}.Debug|Any CPU.ActiveCfg = Debug|Any CPU
		{83D199AC-B6B6-4BCB-ACB7-6F2A0D90B8B5}.Debug|Any CPU.Build.0 = Debug|Any CPU
		{83D199AC-B6B6-4BCB-ACB7-6F2A0D90B8B5}.Release|Any CPU.ActiveCfg = Release|Any CPU
		{83D199AC-B6B6-4BCB-ACB7-6F2A0D90B8B5}.Release|Any CPU.Build.0 = Release|Any CPU
		{06931356-EF49-479D-8A1F-4A621AB5F104}.Debug|Any CPU.ActiveCfg = Debug|Any CPU
		{06931356-EF49-479D-8A1F-4A621AB5F104}.Debug|Any CPU.Build.0 = Debug|Any CPU
		{06931356-EF49-479D-8A1F-4A621AB5F104}.Release|Any CPU.ActiveCfg = Release|Any CPU
		{06931356-EF49-479D-8A1F-4A621AB5F104}.Release|Any CPU.Build.0 = Release|Any CPU
		{770CB157-30AA-48D7-BC34-FBB88B5FC3CE}.Debug|Any CPU.ActiveCfg = Debug|Any CPU
		{770CB157-30AA-48D7-BC34-FBB88B5FC3CE}.Debug|Any CPU.Build.0 = Debug|Any CPU
		{770CB157-30AA-48D7-BC34-FBB88B5FC3CE}.Release|Any CPU.ActiveCfg = Release|Any CPU
		{770CB157-30AA-48D7-BC34-FBB88B5FC3CE}.Release|Any CPU.Build.0 = Release|Any CPU
	EndGlobalSection
	GlobalSection(SolutionProperties) = preSolution
		HideSolutionNode = FALSE
	EndGlobalSection
	GlobalSection(ExtensibilityGlobals) = postSolution
		SolutionGuid = {D0DF8A80-E0CF-4E97-9DA7-27C6E81E7DC7}
	EndGlobalSection
EndGlobal
